// !$*UTF8*$!
{
	archiveVersion = 1;
	classes = {
	};
	objectVersion = 56;
	objects = {

/* Begin PBXBuildFile section */
		182EFD5C2BBFE4700075C59E /* AppDelegate.swift in Sources */ = {isa = PBXBuildFile; fileRef = 182EFD5B2BBFE4700075C59E /* AppDelegate.swift */; };
		182EFD5E2BBFE4700075C59E /* SceneDelegate.swift in Sources */ = {isa = PBXBuildFile; fileRef = 182EFD5D2BBFE4700075C59E /* SceneDelegate.swift */; };
		182EFD652BBFE4720075C59E /* Assets.xcassets in Resources */ = {isa = PBXBuildFile; fileRef = 182EFD642BBFE4720075C59E /* Assets.xcassets */; };
		182EFD682BBFE4720075C59E /* Base in Resources */ = {isa = PBXBuildFile; fileRef = 182EFD672BBFE4720075C59E /* Base */; };
		182EFD732BBFE4720075C59E /* FireAuthFlowTests.swift in Sources */ = {isa = PBXBuildFile; fileRef = 182EFD722BBFE4720075C59E /* FireAuthFlowTests.swift */; };
		182EFD7D2BBFE4720075C59E /* FireAuthFlowUITests.swift in Sources */ = {isa = PBXBuildFile; fileRef = 182EFD7C2BBFE4720075C59E /* FireAuthFlowUITests.swift */; };
		182EFD7F2BBFE4720075C59E /* FireAuthFlowUITestsLaunchTests.swift in Sources */ = {isa = PBXBuildFile; fileRef = 182EFD7E2BBFE4720075C59E /* FireAuthFlowUITestsLaunchTests.swift */; };
		182EFD932BBFE6470075C59E /* FirebaseAnalytics in Frameworks */ = {isa = PBXBuildFile; productRef = 182EFD922BBFE6470075C59E /* FirebaseAnalytics */; };
		182EFD952BBFE6470075C59E /* FirebaseAnalyticsWithoutAdIdSupport in Frameworks */ = {isa = PBXBuildFile; productRef = 182EFD942BBFE6470075C59E /* FirebaseAnalyticsWithoutAdIdSupport */; };
		182EFD972BBFE6470075C59E /* FirebaseAuth in Frameworks */ = {isa = PBXBuildFile; productRef = 182EFD962BBFE6470075C59E /* FirebaseAuth */; };
		182EFD992BBFE6470075C59E /* FirebaseAuthCombine-Community in Frameworks */ = {isa = PBXBuildFile; productRef = 182EFD982BBFE6470075C59E /* FirebaseAuthCombine-Community */; };
		182EFD9B2BBFE6470075C59E /* FirebaseDatabase in Frameworks */ = {isa = PBXBuildFile; productRef = 182EFD9A2BBFE6470075C59E /* FirebaseDatabase */; };
		182EFD9D2BBFE6470075C59E /* FirebaseDatabaseSwift in Frameworks */ = {isa = PBXBuildFile; productRef = 182EFD9C2BBFE6470075C59E /* FirebaseDatabaseSwift */; };
		182EFD9F2BBFE6730075C59E /* Extensions.swift in Sources */ = {isa = PBXBuildFile; fileRef = 182EFD9E2BBFE6730075C59E /* Extensions.swift */; };
		182EFDA32BBFE6E60075C59E /* TabBarViewController.swift in Sources */ = {isa = PBXBuildFile; fileRef = 182EFDA22BBFE6E60075C59E /* TabBarViewController.swift */; };
		182EFDA52BBFE6F90075C59E /* HomeViewController.swift in Sources */ = {isa = PBXBuildFile; fileRef = 182EFDA42BBFE6F90075C59E /* HomeViewController.swift */; };
		182EFDA72BBFE71A0075C59E /* GetStartedViewController.swift in Sources */ = {isa = PBXBuildFile; fileRef = 182EFDA62BBFE71A0075C59E /* GetStartedViewController.swift */; };
		182EFDA92BBFE7240075C59E /* LoginViewController.swift in Sources */ = {isa = PBXBuildFile; fileRef = 182EFDA82BBFE7240075C59E /* LoginViewController.swift */; };
		182EFDAB2BBFE7350075C59E /* RegistrationViewController.swift in Sources */ = {isa = PBXBuildFile; fileRef = 182EFDAA2BBFE7350075C59E /* RegistrationViewController.swift */; };
		182EFDAD2BBFE8E20075C59E /* User.swift in Sources */ = {isa = PBXBuildFile; fileRef = 182EFDAC2BBFE8E20075C59E /* User.swift */; };
		182EFDAF2BBFEA620075C59E /* GoogleService-Info.plist in Resources */ = {isa = PBXBuildFile; fileRef = 182EFDAE2BBFEA620075C59E /* GoogleService-Info.plist */; };
		182EFDB42BBFEF530075C59E /* GoogleSignIn in Frameworks */ = {isa = PBXBuildFile; productRef = 182EFDB32BBFEF530075C59E /* GoogleSignIn */; };
		182EFDB62BBFEF530075C59E /* GoogleSignInSwift in Frameworks */ = {isa = PBXBuildFile; productRef = 182EFDB52BBFEF530075C59E /* GoogleSignInSwift */; };
		182EFDB92BBFF1730075C59E /* FacebookLogin in Frameworks */ = {isa = PBXBuildFile; productRef = 182EFDB82BBFF1730075C59E /* FacebookLogin */; };
/* End PBXBuildFile section */

/* Begin PBXContainerItemProxy section */
		182EFD6F2BBFE4720075C59E /* PBXContainerItemProxy */ = {
			isa = PBXContainerItemProxy;
			containerPortal = 182EFD502BBFE4700075C59E /* Project object */;
			proxyType = 1;
			remoteGlobalIDString = 182EFD572BBFE4700075C59E;
			remoteInfo = FireAuthFlow;
		};
		182EFD792BBFE4720075C59E /* PBXContainerItemProxy */ = {
			isa = PBXContainerItemProxy;
			containerPortal = 182EFD502BBFE4700075C59E /* Project object */;
			proxyType = 1;
			remoteGlobalIDString = 182EFD572BBFE4700075C59E;
			remoteInfo = FireAuthFlow;
		};
/* End PBXContainerItemProxy section */

/* Begin PBXFileReference section */
		182EFD582BBFE4700075C59E /* FireAuthFlow.app */ = {isa = PBXFileReference; explicitFileType = wrapper.application; includeInIndex = 0; path = FireAuthFlow.app; sourceTree = BUILT_PRODUCTS_DIR; };
		182EFD5B2BBFE4700075C59E /* AppDelegate.swift */ = {isa = PBXFileReference; lastKnownFileType = sourcecode.swift; path = AppDelegate.swift; sourceTree = "<group>"; };
		182EFD5D2BBFE4700075C59E /* SceneDelegate.swift */ = {isa = PBXFileReference; lastKnownFileType = sourcecode.swift; path = SceneDelegate.swift; sourceTree = "<group>"; };
		182EFD642BBFE4720075C59E /* Assets.xcassets */ = {isa = PBXFileReference; lastKnownFileType = folder.assetcatalog; path = Assets.xcassets; sourceTree = "<group>"; };
		182EFD672BBFE4720075C59E /* Base */ = {isa = PBXFileReference; lastKnownFileType = file.storyboard; name = Base; path = Base.lproj/LaunchScreen.storyboard; sourceTree = "<group>"; };
		182EFD692BBFE4720075C59E /* Info.plist */ = {isa = PBXFileReference; lastKnownFileType = text.plist.xml; path = Info.plist; sourceTree = "<group>"; };
		182EFD6E2BBFE4720075C59E /* FireAuthFlowTests.xctest */ = {isa = PBXFileReference; explicitFileType = wrapper.cfbundle; includeInIndex = 0; path = FireAuthFlowTests.xctest; sourceTree = BUILT_PRODUCTS_DIR; };
		182EFD722BBFE4720075C59E /* FireAuthFlowTests.swift */ = {isa = PBXFileReference; lastKnownFileType = sourcecode.swift; path = FireAuthFlowTests.swift; sourceTree = "<group>"; };
		182EFD782BBFE4720075C59E /* FireAuthFlowUITests.xctest */ = {isa = PBXFileReference; explicitFileType = wrapper.cfbundle; includeInIndex = 0; path = FireAuthFlowUITests.xctest; sourceTree = BUILT_PRODUCTS_DIR; };
		182EFD7C2BBFE4720075C59E /* FireAuthFlowUITests.swift */ = {isa = PBXFileReference; lastKnownFileType = sourcecode.swift; path = FireAuthFlowUITests.swift; sourceTree = "<group>"; };
		182EFD7E2BBFE4720075C59E /* FireAuthFlowUITestsLaunchTests.swift */ = {isa = PBXFileReference; lastKnownFileType = sourcecode.swift; path = FireAuthFlowUITestsLaunchTests.swift; sourceTree = "<group>"; };
		182EFD9E2BBFE6730075C59E /* Extensions.swift */ = {isa = PBXFileReference; lastKnownFileType = sourcecode.swift; path = Extensions.swift; sourceTree = "<group>"; };
		182EFDA22BBFE6E60075C59E /* TabBarViewController.swift */ = {isa = PBXFileReference; lastKnownFileType = sourcecode.swift; path = TabBarViewController.swift; sourceTree = "<group>"; };
		182EFDA42BBFE6F90075C59E /* HomeViewController.swift */ = {isa = PBXFileReference; lastKnownFileType = sourcecode.swift; path = HomeViewController.swift; sourceTree = "<group>"; };
		182EFDA62BBFE71A0075C59E /* GetStartedViewController.swift */ = {isa = PBXFileReference; lastKnownFileType = sourcecode.swift; path = GetStartedViewController.swift; sourceTree = "<group>"; };
		182EFDA82BBFE7240075C59E /* LoginViewController.swift */ = {isa = PBXFileReference; lastKnownFileType = sourcecode.swift; path = LoginViewController.swift; sourceTree = "<group>"; };
		182EFDAA2BBFE7350075C59E /* RegistrationViewController.swift */ = {isa = PBXFileReference; lastKnownFileType = sourcecode.swift; path = RegistrationViewController.swift; sourceTree = "<group>"; };
		182EFDAC2BBFE8E20075C59E /* User.swift */ = {isa = PBXFileReference; lastKnownFileType = sourcecode.swift; path = User.swift; sourceTree = "<group>"; };
		182EFDAE2BBFEA620075C59E /* GoogleService-Info.plist */ = {isa = PBXFileReference; fileEncoding = 4; lastKnownFileType = text.plist.xml; name = "GoogleService-Info.plist"; path = "../../../../../Downloads/GoogleService-Info.plist"; sourceTree = "<group>"; };
/* End PBXFileReference section */

/* Begin PBXFrameworksBuildPhase section */
		182EFD552BBFE4700075C59E /* Frameworks */ = {
			isa = PBXFrameworksBuildPhase;
			buildActionMask = 2147483647;
			files = (
				182EFD9D2BBFE6470075C59E /* FirebaseDatabaseSwift in Frameworks */,
				182EFD9B2BBFE6470075C59E /* FirebaseDatabase in Frameworks */,
				182EFD932BBFE6470075C59E /* FirebaseAnalytics in Frameworks */,
				182EFDB62BBFEF530075C59E /* GoogleSignInSwift in Frameworks */,
				182EFD972BBFE6470075C59E /* FirebaseAuth in Frameworks */,
				182EFDB92BBFF1730075C59E /* FacebookLogin in Frameworks */,
				182EFD952BBFE6470075C59E /* FirebaseAnalyticsWithoutAdIdSupport in Frameworks */,
				182EFD992BBFE6470075C59E /* FirebaseAuthCombine-Community in Frameworks */,
				182EFDB42BBFEF530075C59E /* GoogleSignIn in Frameworks */,
			);
			runOnlyForDeploymentPostprocessing = 0;
		};
		182EFD6B2BBFE4720075C59E /* Frameworks */ = {
			isa = PBXFrameworksBuildPhase;
			buildActionMask = 2147483647;
			files = (
			);
			runOnlyForDeploymentPostprocessing = 0;
		};
		182EFD752BBFE4720075C59E /* Frameworks */ = {
			isa = PBXFrameworksBuildPhase;
			buildActionMask = 2147483647;
			files = (
			);
			runOnlyForDeploymentPostprocessing = 0;
		};
/* End PBXFrameworksBuildPhase section */

/* Begin PBXGroup section */
		182EFD4F2BBFE4700075C59E = {
			isa = PBXGroup;
			children = (
				182EFD5A2BBFE4700075C59E /* FireAuthFlow */,
				182EFD712BBFE4720075C59E /* FireAuthFlowTests */,
				182EFD7B2BBFE4720075C59E /* FireAuthFlowUITests */,
				182EFD592BBFE4700075C59E /* Products */,
			);
			sourceTree = "<group>";
		};
		182EFD592BBFE4700075C59E /* Products */ = {
			isa = PBXGroup;
			children = (
				182EFD582BBFE4700075C59E /* FireAuthFlow.app */,
				182EFD6E2BBFE4720075C59E /* FireAuthFlowTests.xctest */,
				182EFD782BBFE4720075C59E /* FireAuthFlowUITests.xctest */,
			);
			name = Products;
			sourceTree = "<group>";
		};
		182EFD5A2BBFE4700075C59E /* FireAuthFlow */ = {
			isa = PBXGroup;
			children = (
				182EFD8E2BBFE4C70075C59E /* Resources */,
				182EFD8D2BBFE4BF0075C59E /* Models */,
				182EFD8C2BBFE4BA0075C59E /* Views */,
				182EFD8B2BBFE4B10075C59E /* Controllers */,
				182EFD692BBFE4720075C59E /* Info.plist */,
			);
			path = FireAuthFlow;
			sourceTree = "<group>";
		};
		182EFD712BBFE4720075C59E /* FireAuthFlowTests */ = {
			isa = PBXGroup;
			children = (
				182EFD722BBFE4720075C59E /* FireAuthFlowTests.swift */,
			);
			path = FireAuthFlowTests;
			sourceTree = "<group>";
		};
		182EFD7B2BBFE4720075C59E /* FireAuthFlowUITests */ = {
			isa = PBXGroup;
			children = (
				182EFD7C2BBFE4720075C59E /* FireAuthFlowUITests.swift */,
				182EFD7E2BBFE4720075C59E /* FireAuthFlowUITestsLaunchTests.swift */,
			);
			path = FireAuthFlowUITests;
			sourceTree = "<group>";
		};
		182EFD8B2BBFE4B10075C59E /* Controllers */ = {
			isa = PBXGroup;
			children = (
				182EFDA12BBFE6920075C59E /* Other */,
				182EFDA02BBFE68C0075C59E /* Core */,
			);
			path = Controllers;
			sourceTree = "<group>";
		};
		182EFD8C2BBFE4BA0075C59E /* Views */ = {
			isa = PBXGroup;
			children = (
			);
			path = Views;
			sourceTree = "<group>";
		};
		182EFD8D2BBFE4BF0075C59E /* Models */ = {
			isa = PBXGroup;
			children = (
				182EFDAC2BBFE8E20075C59E /* User.swift */,
			);
			path = Models;
			sourceTree = "<group>";
		};
		182EFD8E2BBFE4C70075C59E /* Resources */ = {
			isa = PBXGroup;
			children = (
				182EFDAE2BBFEA620075C59E /* GoogleService-Info.plist */,
				182EFD5B2BBFE4700075C59E /* AppDelegate.swift */,
				182EFD5D2BBFE4700075C59E /* SceneDelegate.swift */,
				182EFD642BBFE4720075C59E /* Assets.xcassets */,
				182EFD662BBFE4720075C59E /* LaunchScreen.storyboard */,
				182EFD9E2BBFE6730075C59E /* Extensions.swift */,
			);
			path = Resources;
			sourceTree = "<group>";
		};
		182EFDA02BBFE68C0075C59E /* Core */ = {
			isa = PBXGroup;
			children = (
				182EFDA22BBFE6E60075C59E /* TabBarViewController.swift */,
				182EFDA42BBFE6F90075C59E /* HomeViewController.swift */,
			);
			path = Core;
			sourceTree = "<group>";
		};
		182EFDA12BBFE6920075C59E /* Other */ = {
			isa = PBXGroup;
			children = (
				182EFDA62BBFE71A0075C59E /* GetStartedViewController.swift */,
				182EFDA82BBFE7240075C59E /* LoginViewController.swift */,
				182EFDAA2BBFE7350075C59E /* RegistrationViewController.swift */,
			);
			path = Other;
			sourceTree = "<group>";
		};
/* End PBXGroup section */

/* Begin PBXNativeTarget section */
		182EFD572BBFE4700075C59E /* FireAuthFlow */ = {
			isa = PBXNativeTarget;
			buildConfigurationList = 182EFD822BBFE4720075C59E /* Build configuration list for PBXNativeTarget "FireAuthFlow" */;
			buildPhases = (
				182EFD542BBFE4700075C59E /* Sources */,
				182EFD552BBFE4700075C59E /* Frameworks */,
				182EFD562BBFE4700075C59E /* Resources */,
			);
			buildRules = (
			);
			dependencies = (
			);
			name = FireAuthFlow;
			packageProductDependencies = (
				182EFD922BBFE6470075C59E /* FirebaseAnalytics */,
				182EFD942BBFE6470075C59E /* FirebaseAnalyticsWithoutAdIdSupport */,
				182EFD962BBFE6470075C59E /* FirebaseAuth */,
				182EFD982BBFE6470075C59E /* FirebaseAuthCombine-Community */,
				182EFD9A2BBFE6470075C59E /* FirebaseDatabase */,
				182EFD9C2BBFE6470075C59E /* FirebaseDatabaseSwift */,
				182EFDB32BBFEF530075C59E /* GoogleSignIn */,
				182EFDB52BBFEF530075C59E /* GoogleSignInSwift */,
				182EFDB82BBFF1730075C59E /* FacebookLogin */,
			);
			productName = FireAuthFlow;
			productReference = 182EFD582BBFE4700075C59E /* FireAuthFlow.app */;
			productType = "com.apple.product-type.application";
		};
		182EFD6D2BBFE4720075C59E /* FireAuthFlowTests */ = {
			isa = PBXNativeTarget;
			buildConfigurationList = 182EFD852BBFE4720075C59E /* Build configuration list for PBXNativeTarget "FireAuthFlowTests" */;
			buildPhases = (
				182EFD6A2BBFE4720075C59E /* Sources */,
				182EFD6B2BBFE4720075C59E /* Frameworks */,
				182EFD6C2BBFE4720075C59E /* Resources */,
			);
			buildRules = (
			);
			dependencies = (
				182EFD702BBFE4720075C59E /* PBXTargetDependency */,
			);
			name = FireAuthFlowTests;
			productName = FireAuthFlowTests;
			productReference = 182EFD6E2BBFE4720075C59E /* FireAuthFlowTests.xctest */;
			productType = "com.apple.product-type.bundle.unit-test";
		};
		182EFD772BBFE4720075C59E /* FireAuthFlowUITests */ = {
			isa = PBXNativeTarget;
			buildConfigurationList = 182EFD882BBFE4720075C59E /* Build configuration list for PBXNativeTarget "FireAuthFlowUITests" */;
			buildPhases = (
				182EFD742BBFE4720075C59E /* Sources */,
				182EFD752BBFE4720075C59E /* Frameworks */,
				182EFD762BBFE4720075C59E /* Resources */,
			);
			buildRules = (
			);
			dependencies = (
				182EFD7A2BBFE4720075C59E /* PBXTargetDependency */,
			);
			name = FireAuthFlowUITests;
			productName = FireAuthFlowUITests;
			productReference = 182EFD782BBFE4720075C59E /* FireAuthFlowUITests.xctest */;
			productType = "com.apple.product-type.bundle.ui-testing";
		};
/* End PBXNativeTarget section */

/* Begin PBXProject section */
		182EFD502BBFE4700075C59E /* Project object */ = {
			isa = PBXProject;
			attributes = {
				BuildIndependentTargetsInParallel = 1;
				LastSwiftUpdateCheck = 1530;
				LastUpgradeCheck = 1530;
				TargetAttributes = {
					182EFD572BBFE4700075C59E = {
						CreatedOnToolsVersion = 15.3;
					};
					182EFD6D2BBFE4720075C59E = {
						CreatedOnToolsVersion = 15.3;
						TestTargetID = 182EFD572BBFE4700075C59E;
					};
					182EFD772BBFE4720075C59E = {
						CreatedOnToolsVersion = 15.3;
						TestTargetID = 182EFD572BBFE4700075C59E;
					};
				};
			};
			buildConfigurationList = 182EFD532BBFE4700075C59E /* Build configuration list for PBXProject "FireAuthFlow" */;
			compatibilityVersion = "Xcode 14.0";
			developmentRegion = en;
			hasScannedForEncodings = 0;
			knownRegions = (
				en,
				Base,
			);
			mainGroup = 182EFD4F2BBFE4700075C59E;
			packageReferences = (
				182EFD912BBFE6470075C59E /* XCRemoteSwiftPackageReference "firebase-ios-sdk" */,
				182EFDB22BBFEF530075C59E /* XCRemoteSwiftPackageReference "GoogleSignIn-iOS" */,
				182EFDB72BBFF1730075C59E /* XCRemoteSwiftPackageReference "facebook-ios-sdk" */,
			);
			productRefGroup = 182EFD592BBFE4700075C59E /* Products */;
			projectDirPath = "";
			projectRoot = "";
			targets = (
				182EFD572BBFE4700075C59E /* FireAuthFlow */,
				182EFD6D2BBFE4720075C59E /* FireAuthFlowTests */,
				182EFD772BBFE4720075C59E /* FireAuthFlowUITests */,
			);
		};
/* End PBXProject section */

/* Begin PBXResourcesBuildPhase section */
		182EFD562BBFE4700075C59E /* Resources */ = {
			isa = PBXResourcesBuildPhase;
			buildActionMask = 2147483647;
			files = (
				182EFD652BBFE4720075C59E /* Assets.xcassets in Resources */,
				182EFD682BBFE4720075C59E /* Base in Resources */,
				182EFDAF2BBFEA620075C59E /* GoogleService-Info.plist in Resources */,
			);
			runOnlyForDeploymentPostprocessing = 0;
		};
		182EFD6C2BBFE4720075C59E /* Resources */ = {
			isa = PBXResourcesBuildPhase;
			buildActionMask = 2147483647;
			files = (
			);
			runOnlyForDeploymentPostprocessing = 0;
		};
		182EFD762BBFE4720075C59E /* Resources */ = {
			isa = PBXResourcesBuildPhase;
			buildActionMask = 2147483647;
			files = (
			);
			runOnlyForDeploymentPostprocessing = 0;
		};
/* End PBXResourcesBuildPhase section */

/* Begin PBXSourcesBuildPhase section */
		182EFD542BBFE4700075C59E /* Sources */ = {
			isa = PBXSourcesBuildPhase;
			buildActionMask = 2147483647;
			files = (
				182EFDA92BBFE7240075C59E /* LoginViewController.swift in Sources */,
				182EFDA52BBFE6F90075C59E /* HomeViewController.swift in Sources */,
				182EFDAB2BBFE7350075C59E /* RegistrationViewController.swift in Sources */,
				182EFDA32BBFE6E60075C59E /* TabBarViewController.swift in Sources */,
				182EFD5C2BBFE4700075C59E /* AppDelegate.swift in Sources */,
				182EFDAD2BBFE8E20075C59E /* User.swift in Sources */,
				182EFDA72BBFE71A0075C59E /* GetStartedViewController.swift in Sources */,
				182EFD9F2BBFE6730075C59E /* Extensions.swift in Sources */,
				182EFD5E2BBFE4700075C59E /* SceneDelegate.swift in Sources */,
			);
			runOnlyForDeploymentPostprocessing = 0;
		};
		182EFD6A2BBFE4720075C59E /* Sources */ = {
			isa = PBXSourcesBuildPhase;
			buildActionMask = 2147483647;
			files = (
				182EFD732BBFE4720075C59E /* FireAuthFlowTests.swift in Sources */,
			);
			runOnlyForDeploymentPostprocessing = 0;
		};
		182EFD742BBFE4720075C59E /* Sources */ = {
			isa = PBXSourcesBuildPhase;
			buildActionMask = 2147483647;
			files = (
				182EFD7F2BBFE4720075C59E /* FireAuthFlowUITestsLaunchTests.swift in Sources */,
				182EFD7D2BBFE4720075C59E /* FireAuthFlowUITests.swift in Sources */,
			);
			runOnlyForDeploymentPostprocessing = 0;
		};
/* End PBXSourcesBuildPhase section */

/* Begin PBXTargetDependency section */
		182EFD702BBFE4720075C59E /* PBXTargetDependency */ = {
			isa = PBXTargetDependency;
			target = 182EFD572BBFE4700075C59E /* FireAuthFlow */;
			targetProxy = 182EFD6F2BBFE4720075C59E /* PBXContainerItemProxy */;
		};
		182EFD7A2BBFE4720075C59E /* PBXTargetDependency */ = {
			isa = PBXTargetDependency;
			target = 182EFD572BBFE4700075C59E /* FireAuthFlow */;
			targetProxy = 182EFD792BBFE4720075C59E /* PBXContainerItemProxy */;
		};
/* End PBXTargetDependency section */

/* Begin PBXVariantGroup section */
		182EFD662BBFE4720075C59E /* LaunchScreen.storyboard */ = {
			isa = PBXVariantGroup;
			children = (
				182EFD672BBFE4720075C59E /* Base */,
			);
			name = LaunchScreen.storyboard;
			sourceTree = "<group>";
		};
/* End PBXVariantGroup section */

/* Begin XCBuildConfiguration section */
		182EFD802BBFE4720075C59E /* Debug */ = {
			isa = XCBuildConfiguration;
			buildSettings = {
				ALWAYS_SEARCH_USER_PATHS = NO;
				ASSETCATALOG_COMPILER_GENERATE_SWIFT_ASSET_SYMBOL_EXTENSIONS = YES;
				CLANG_ANALYZER_NONNULL = YES;
				CLANG_ANALYZER_NUMBER_OBJECT_CONVERSION = YES_AGGRESSIVE;
				CLANG_CXX_LANGUAGE_STANDARD = "gnu++20";
				CLANG_ENABLE_MODULES = YES;
				CLANG_ENABLE_OBJC_ARC = YES;
				CLANG_ENABLE_OBJC_WEAK = YES;
				CLANG_WARN_BLOCK_CAPTURE_AUTORELEASING = YES;
				CLANG_WARN_BOOL_CONVERSION = YES;
				CLANG_WARN_COMMA = YES;
				CLANG_WARN_CONSTANT_CONVERSION = YES;
				CLANG_WARN_DEPRECATED_OBJC_IMPLEMENTATIONS = YES;
				CLANG_WARN_DIRECT_OBJC_ISA_USAGE = YES_ERROR;
				CLANG_WARN_DOCUMENTATION_COMMENTS = YES;
				CLANG_WARN_EMPTY_BODY = YES;
				CLANG_WARN_ENUM_CONVERSION = YES;
				CLANG_WARN_INFINITE_RECURSION = YES;
				CLANG_WARN_INT_CONVERSION = YES;
				CLANG_WARN_NON_LITERAL_NULL_CONVERSION = YES;
				CLANG_WARN_OBJC_IMPLICIT_RETAIN_SELF = YES;
				CLANG_WARN_OBJC_LITERAL_CONVERSION = YES;
				CLANG_WARN_OBJC_ROOT_CLASS = YES_ERROR;
				CLANG_WARN_QUOTED_INCLUDE_IN_FRAMEWORK_HEADER = YES;
				CLANG_WARN_RANGE_LOOP_ANALYSIS = YES;
				CLANG_WARN_STRICT_PROTOTYPES = YES;
				CLANG_WARN_SUSPICIOUS_MOVE = YES;
				CLANG_WARN_UNGUARDED_AVAILABILITY = YES_AGGRESSIVE;
				CLANG_WARN_UNREACHABLE_CODE = YES;
				CLANG_WARN__DUPLICATE_METHOD_MATCH = YES;
				COPY_PHASE_STRIP = NO;
				DEBUG_INFORMATION_FORMAT = dwarf;
				ENABLE_STRICT_OBJC_MSGSEND = YES;
				ENABLE_TESTABILITY = YES;
				ENABLE_USER_SCRIPT_SANDBOXING = YES;
				GCC_C_LANGUAGE_STANDARD = gnu17;
				GCC_DYNAMIC_NO_PIC = NO;
				GCC_NO_COMMON_BLOCKS = YES;
				GCC_OPTIMIZATION_LEVEL = 0;
				GCC_PREPROCESSOR_DEFINITIONS = (
					"DEBUG=1",
					"$(inherited)",
				);
				GCC_WARN_64_TO_32_BIT_CONVERSION = YES;
				GCC_WARN_ABOUT_RETURN_TYPE = YES_ERROR;
				GCC_WARN_UNDECLARED_SELECTOR = YES;
				GCC_WARN_UNINITIALIZED_AUTOS = YES_AGGRESSIVE;
				GCC_WARN_UNUSED_FUNCTION = YES;
				GCC_WARN_UNUSED_VARIABLE = YES;
				IPHONEOS_DEPLOYMENT_TARGET = 17.4;
				LOCALIZATION_PREFERS_STRING_CATALOGS = YES;
				MTL_ENABLE_DEBUG_INFO = INCLUDE_SOURCE;
				MTL_FAST_MATH = YES;
				ONLY_ACTIVE_ARCH = YES;
				SDKROOT = iphoneos;
				SWIFT_ACTIVE_COMPILATION_CONDITIONS = "DEBUG $(inherited)";
				SWIFT_OPTIMIZATION_LEVEL = "-Onone";
			};
			name = Debug;
		};
		182EFD812BBFE4720075C59E /* Release */ = {
			isa = XCBuildConfiguration;
			buildSettings = {
				ALWAYS_SEARCH_USER_PATHS = NO;
				ASSETCATALOG_COMPILER_GENERATE_SWIFT_ASSET_SYMBOL_EXTENSIONS = YES;
				CLANG_ANALYZER_NONNULL = YES;
				CLANG_ANALYZER_NUMBER_OBJECT_CONVERSION = YES_AGGRESSIVE;
				CLANG_CXX_LANGUAGE_STANDARD = "gnu++20";
				CLANG_ENABLE_MODULES = YES;
				CLANG_ENABLE_OBJC_ARC = YES;
				CLANG_ENABLE_OBJC_WEAK = YES;
				CLANG_WARN_BLOCK_CAPTURE_AUTORELEASING = YES;
				CLANG_WARN_BOOL_CONVERSION = YES;
				CLANG_WARN_COMMA = YES;
				CLANG_WARN_CONSTANT_CONVERSION = YES;
				CLANG_WARN_DEPRECATED_OBJC_IMPLEMENTATIONS = YES;
				CLANG_WARN_DIRECT_OBJC_ISA_USAGE = YES_ERROR;
				CLANG_WARN_DOCUMENTATION_COMMENTS = YES;
				CLANG_WARN_EMPTY_BODY = YES;
				CLANG_WARN_ENUM_CONVERSION = YES;
				CLANG_WARN_INFINITE_RECURSION = YES;
				CLANG_WARN_INT_CONVERSION = YES;
				CLANG_WARN_NON_LITERAL_NULL_CONVERSION = YES;
				CLANG_WARN_OBJC_IMPLICIT_RETAIN_SELF = YES;
				CLANG_WARN_OBJC_LITERAL_CONVERSION = YES;
				CLANG_WARN_OBJC_ROOT_CLASS = YES_ERROR;
				CLANG_WARN_QUOTED_INCLUDE_IN_FRAMEWORK_HEADER = YES;
				CLANG_WARN_RANGE_LOOP_ANALYSIS = YES;
				CLANG_WARN_STRICT_PROTOTYPES = YES;
				CLANG_WARN_SUSPICIOUS_MOVE = YES;
				CLANG_WARN_UNGUARDED_AVAILABILITY = YES_AGGRESSIVE;
				CLANG_WARN_UNREACHABLE_CODE = YES;
				CLANG_WARN__DUPLICATE_METHOD_MATCH = YES;
				COPY_PHASE_STRIP = NO;
				DEBUG_INFORMATION_FORMAT = "dwarf-with-dsym";
				ENABLE_NS_ASSERTIONS = NO;
				ENABLE_STRICT_OBJC_MSGSEND = YES;
				ENABLE_USER_SCRIPT_SANDBOXING = YES;
				GCC_C_LANGUAGE_STANDARD = gnu17;
				GCC_NO_COMMON_BLOCKS = YES;
				GCC_WARN_64_TO_32_BIT_CONVERSION = YES;
				GCC_WARN_ABOUT_RETURN_TYPE = YES_ERROR;
				GCC_WARN_UNDECLARED_SELECTOR = YES;
				GCC_WARN_UNINITIALIZED_AUTOS = YES_AGGRESSIVE;
				GCC_WARN_UNUSED_FUNCTION = YES;
				GCC_WARN_UNUSED_VARIABLE = YES;
				IPHONEOS_DEPLOYMENT_TARGET = 17.4;
				LOCALIZATION_PREFERS_STRING_CATALOGS = YES;
				MTL_ENABLE_DEBUG_INFO = NO;
				MTL_FAST_MATH = YES;
				SDKROOT = iphoneos;
				SWIFT_COMPILATION_MODE = wholemodule;
				VALIDATE_PRODUCT = YES;
			};
			name = Release;
		};
		182EFD832BBFE4720075C59E /* Debug */ = {
			isa = XCBuildConfiguration;
			buildSettings = {
				ASSETCATALOG_COMPILER_APPICON_NAME = AppIcon;
				ASSETCATALOG_COMPILER_GLOBAL_ACCENT_COLOR_NAME = AccentColor;
				CODE_SIGN_STYLE = Automatic;
				CURRENT_PROJECT_VERSION = 1;
				GENERATE_INFOPLIST_FILE = YES;
				INFOPLIST_FILE = FireAuthFlow/Info.plist;
				INFOPLIST_KEY_UIApplicationSupportsIndirectInputEvents = YES;
				INFOPLIST_KEY_UILaunchStoryboardName = LaunchScreen;
				INFOPLIST_KEY_UISupportedInterfaceOrientations_iPad = "UIInterfaceOrientationPortrait UIInterfaceOrientationPortraitUpsideDown UIInterfaceOrientationLandscapeLeft UIInterfaceOrientationLandscapeRight";
				INFOPLIST_KEY_UISupportedInterfaceOrientations_iPhone = "UIInterfaceOrientationPortrait UIInterfaceOrientationLandscapeLeft UIInterfaceOrientationLandscapeRight";
				LD_RUNPATH_SEARCH_PATHS = (
					"$(inherited)",
					"@executable_path/Frameworks",
				);
				MARKETING_VERSION = 1.0;
				PRODUCT_BUNDLE_IDENTIFIER = ADK.FireAuthFlow;
				PRODUCT_NAME = "$(TARGET_NAME)";
				SWIFT_EMIT_LOC_STRINGS = YES;
				SWIFT_VERSION = 5.0;
				TARGETED_DEVICE_FAMILY = "1,2";
			};
			name = Debug;
		};
		182EFD842BBFE4720075C59E /* Release */ = {
			isa = XCBuildConfiguration;
			buildSettings = {
				ASSETCATALOG_COMPILER_APPICON_NAME = AppIcon;
				ASSETCATALOG_COMPILER_GLOBAL_ACCENT_COLOR_NAME = AccentColor;
				CODE_SIGN_STYLE = Automatic;
				CURRENT_PROJECT_VERSION = 1;
				GENERATE_INFOPLIST_FILE = YES;
				INFOPLIST_FILE = FireAuthFlow/Info.plist;
				INFOPLIST_KEY_UIApplicationSupportsIndirectInputEvents = YES;
				INFOPLIST_KEY_UILaunchStoryboardName = LaunchScreen;
				INFOPLIST_KEY_UISupportedInterfaceOrientations_iPad = "UIInterfaceOrientationPortrait UIInterfaceOrientationPortraitUpsideDown UIInterfaceOrientationLandscapeLeft UIInterfaceOrientationLandscapeRight";
				INFOPLIST_KEY_UISupportedInterfaceOrientations_iPhone = "UIInterfaceOrientationPortrait UIInterfaceOrientationLandscapeLeft UIInterfaceOrientationLandscapeRight";
				LD_RUNPATH_SEARCH_PATHS = (
					"$(inherited)",
					"@executable_path/Frameworks",
				);
				MARKETING_VERSION = 1.0;
				PRODUCT_BUNDLE_IDENTIFIER = ADK.FireAuthFlow;
				PRODUCT_NAME = "$(TARGET_NAME)";
				SWIFT_EMIT_LOC_STRINGS = YES;
				SWIFT_VERSION = 5.0;
				TARGETED_DEVICE_FAMILY = "1,2";
			};
			name = Release;
		};
		182EFD862BBFE4720075C59E /* Debug */ = {
			isa = XCBuildConfiguration;
			buildSettings = {
				ALWAYS_EMBED_SWIFT_STANDARD_LIBRARIES = YES;
				BUNDLE_LOADER = "$(TEST_HOST)";
				CODE_SIGN_STYLE = Automatic;
				CURRENT_PROJECT_VERSION = 1;
				GENERATE_INFOPLIST_FILE = YES;
				IPHONEOS_DEPLOYMENT_TARGET = 17.4;
				MARKETING_VERSION = 1.0;
				PRODUCT_BUNDLE_IDENTIFIER = ADK.FireAuthFlowTests;
				PRODUCT_NAME = "$(TARGET_NAME)";
				SWIFT_EMIT_LOC_STRINGS = NO;
				SWIFT_VERSION = 5.0;
				TARGETED_DEVICE_FAMILY = "1,2";
				TEST_HOST = "$(BUILT_PRODUCTS_DIR)/FireAuthFlow.app/$(BUNDLE_EXECUTABLE_FOLDER_PATH)/FireAuthFlow";
			};
			name = Debug;
		};
		182EFD872BBFE4720075C59E /* Release */ = {
			isa = XCBuildConfiguration;
			buildSettings = {
				ALWAYS_EMBED_SWIFT_STANDARD_LIBRARIES = YES;
				BUNDLE_LOADER = "$(TEST_HOST)";
				CODE_SIGN_STYLE = Automatic;
				CURRENT_PROJECT_VERSION = 1;
				GENERATE_INFOPLIST_FILE = YES;
				IPHONEOS_DEPLOYMENT_TARGET = 17.4;
				MARKETING_VERSION = 1.0;
				PRODUCT_BUNDLE_IDENTIFIER = ADK.FireAuthFlowTests;
				PRODUCT_NAME = "$(TARGET_NAME)";
				SWIFT_EMIT_LOC_STRINGS = NO;
				SWIFT_VERSION = 5.0;
				TARGETED_DEVICE_FAMILY = "1,2";
				TEST_HOST = "$(BUILT_PRODUCTS_DIR)/FireAuthFlow.app/$(BUNDLE_EXECUTABLE_FOLDER_PATH)/FireAuthFlow";
			};
			name = Release;
		};
		182EFD892BBFE4720075C59E /* Debug */ = {
			isa = XCBuildConfiguration;
			buildSettings = {
				ALWAYS_EMBED_SWIFT_STANDARD_LIBRARIES = YES;
				CODE_SIGN_STYLE = Automatic;
				CURRENT_PROJECT_VERSION = 1;
				GENERATE_INFOPLIST_FILE = YES;
				MARKETING_VERSION = 1.0;
				PRODUCT_BUNDLE_IDENTIFIER = ADK.FireAuthFlowUITests;
				PRODUCT_NAME = "$(TARGET_NAME)";
				SWIFT_EMIT_LOC_STRINGS = NO;
				SWIFT_VERSION = 5.0;
				TARGETED_DEVICE_FAMILY = "1,2";
				TEST_TARGET_NAME = FireAuthFlow;
			};
			name = Debug;
		};
		182EFD8A2BBFE4720075C59E /* Release */ = {
			isa = XCBuildConfiguration;
			buildSettings = {
				ALWAYS_EMBED_SWIFT_STANDARD_LIBRARIES = YES;
				CODE_SIGN_STYLE = Automatic;
				CURRENT_PROJECT_VERSION = 1;
				GENERATE_INFOPLIST_FILE = YES;
				MARKETING_VERSION = 1.0;
				PRODUCT_BUNDLE_IDENTIFIER = ADK.FireAuthFlowUITests;
				PRODUCT_NAME = "$(TARGET_NAME)";
				SWIFT_EMIT_LOC_STRINGS = NO;
				SWIFT_VERSION = 5.0;
				TARGETED_DEVICE_FAMILY = "1,2";
				TEST_TARGET_NAME = FireAuthFlow;
			};
			name = Release;
		};
/* End XCBuildConfiguration section */

/* Begin XCConfigurationList section */
		182EFD532BBFE4700075C59E /* Build configuration list for PBXProject "FireAuthFlow" */ = {
			isa = XCConfigurationList;
			buildConfigurations = (
				182EFD802BBFE4720075C59E /* Debug */,
				182EFD812BBFE4720075C59E /* Release */,
			);
			defaultConfigurationIsVisible = 0;
			defaultConfigurationName = Release;
		};
		182EFD822BBFE4720075C59E /* Build configuration list for PBXNativeTarget "FireAuthFlow" */ = {
			isa = XCConfigurationList;
			buildConfigurations = (
				182EFD832BBFE4720075C59E /* Debug */,
				182EFD842BBFE4720075C59E /* Release */,
			);
			defaultConfigurationIsVisible = 0;
			defaultConfigurationName = Release;
		};
		182EFD852BBFE4720075C59E /* Build configuration list for PBXNativeTarget "FireAuthFlowTests" */ = {
			isa = XCConfigurationList;
			buildConfigurations = (
				182EFD862BBFE4720075C59E /* Debug */,
				182EFD872BBFE4720075C59E /* Release */,
			);
			defaultConfigurationIsVisible = 0;
			defaultConfigurationName = Release;
		};
		182EFD882BBFE4720075C59E /* Build configuration list for PBXNativeTarget "FireAuthFlowUITests" */ = {
			isa = XCConfigurationList;
			buildConfigurations = (
				182EFD892BBFE4720075C59E /* Debug */,
				182EFD8A2BBFE4720075C59E /* Release */,
			);
			defaultConfigurationIsVisible = 0;
			defaultConfigurationName = Release;
		};
/* End XCConfigurationList section */

/* Begin XCRemoteSwiftPackageReference section */
		182EFD912BBFE6470075C59E /* XCRemoteSwiftPackageReference "firebase-ios-sdk" */ = {
			isa = XCRemoteSwiftPackageReference;
			repositoryURL = "https://github.com/firebase/firebase-ios-sdk";
			requirement = {
				kind = upToNextMajorVersion;
				minimumVersion = 10.23.1;
			};
		};
		182EFDB22BBFEF530075C59E /* XCRemoteSwiftPackageReference "GoogleSignIn-iOS" */ = {
			isa = XCRemoteSwiftPackageReference;
			repositoryURL = "https://github.com/google/GoogleSignIn-iOS.git";
			requirement = {
				kind = upToNextMajorVersion;
				minimumVersion = 7.1.0;
			};
		};
		182EFDB72BBFF1730075C59E /* XCRemoteSwiftPackageReference "facebook-ios-sdk" */ = {
			isa = XCRemoteSwiftPackageReference;
			repositoryURL = "https://github.com/facebook/facebook-ios-sdk";
			requirement = {
				kind = upToNextMajorVersion;
				minimumVersion = 14.1.0;
			};
		};
/* End XCRemoteSwiftPackageReference section */

/* Begin XCSwiftPackageProductDependency section */
		182EFD922BBFE6470075C59E /* FirebaseAnalytics */ = {
			isa = XCSwiftPackageProductDependency;
			package = 182EFD912BBFE6470075C59E /* XCRemoteSwiftPackageReference "firebase-ios-sdk" */;
			productName = FirebaseAnalytics;
		};
		182EFD942BBFE6470075C59E /* FirebaseAnalyticsWithoutAdIdSupport */ = {
			isa = XCSwiftPackageProductDependency;
			package = 182EFD912BBFE6470075C59E /* XCRemoteSwiftPackageReference "firebase-ios-sdk" */;
			productName = FirebaseAnalyticsWithoutAdIdSupport;
		};
		182EFD962BBFE6470075C59E /* FirebaseAuth */ = {
			isa = XCSwiftPackageProductDependency;
			package = 182EFD912BBFE6470075C59E /* XCRemoteSwiftPackageReference "firebase-ios-sdk" */;
			productName = FirebaseAuth;
		};
		182EFD982BBFE6470075C59E /* FirebaseAuthCombine-Community */ = {
			isa = XCSwiftPackageProductDependency;
			package = 182EFD912BBFE6470075C59E /* XCRemoteSwiftPackageReference "firebase-ios-sdk" */;
			productName = "FirebaseAuthCombine-Community";
		};
		182EFD9A2BBFE6470075C59E /* FirebaseDatabase */ = {
			isa = XCSwiftPackageProductDependency;
			package = 182EFD912BBFE6470075C59E /* XCRemoteSwiftPackageReference "firebase-ios-sdk" */;
			productName = FirebaseDatabase;
		};
		182EFD9C2BBFE6470075C59E /* FirebaseDatabaseSwift */ = {
			isa = XCSwiftPackageProductDependency;
			package = 182EFD912BBFE6470075C59E /* XCRemoteSwiftPackageReference "firebase-ios-sdk" */;
			productName = FirebaseDatabaseSwift;
		};
		182EFDB32BBFEF530075C59E /* GoogleSignIn */ = {
			isa = XCSwiftPackageProductDependency;
			package = 182EFDB22BBFEF530075C59E /* XCRemoteSwiftPackageReference "GoogleSignIn-iOS" */;
			productName = GoogleSignIn;
		};
		182EFDB52BBFEF530075C59E /* GoogleSignInSwift */ = {
			isa = XCSwiftPackageProductDependency;
			package = 182EFDB22BBFEF530075C59E /* XCRemoteSwiftPackageReference "GoogleSignIn-iOS" */;
			productName = GoogleSignInSwift;
		};
		182EFDB82BBFF1730075C59E /* FacebookLogin */ = {
			isa = XCSwiftPackageProductDependency;
			package = 182EFDB72BBFF1730075C59E /* XCRemoteSwiftPackageReference "facebook-ios-sdk" */;
			productName = FacebookLogin;
		};
/* End XCSwiftPackageProductDependency section */
	};
	rootObject = 182EFD502BBFE4700075C59E /* Project object */;
}
